
Microsoft Visual Studio Solution File, Format Version 12.00
# Visual Studio 15
VisualStudioVersion = 15.0.28307.572
MinimumVisualStudioVersion = 10.0.40219.1
Project("{FAE04EC0-301F-11D3-BF4B-00C04F79EFBC}") = "GoogleTranslationAPI", "GoogleTranslationAPI\GoogleTranslationAPI.csproj", "{AADA757E-A63B-4C8A-BAF0-363618A657C4}"
EndProject
Global
	GlobalSection(SolutionConfigurationPlatforms) = preSolution
		Debug|Any CPU = Debug|Any CPU
		Release|Any CPU = Release|Any CPU
	EndGlobalSection
	GlobalSection(ProjectConfigurationPlatforms) = postSolution
		{AADA757E-A63B-4C8A-BAF0-363618A657C4}.Debug|Any CPU.ActiveCfg = Debug|Any CPU
		{AADA757E-A63B-4C8A-BAF0-363618A657C4}.Debug|Any CPU.Build.0 = Debug|Any CPU
		{AADA757E-A63B-4C8A-BAF0-363618A657C4}.Release|Any CPU.ActiveCfg = Release|Any CPU
		{AADA757E-A63B-4C8A-BAF0-363618A657C4}.Release|Any CPU.Build.0 = Release|Any CPU
	EndGlobalSection
	GlobalSection(SolutionProperties) = preSolution
		HideSolutionNode = FALSE
	EndGlobalSection
	GlobalSection(ExtensibilityGlobals) = postSolution
		SolutionGuid = {2442E844-CDEB-49F2-9287-0E2D7CDA3A06}
	EndGlobalSection
EndGlobal
